
Microsoft Visual Studio Solution File, Format Version 12.00
# Visual Studio Version 17
VisualStudioVersion = 17.8.34525.116
MinimumVisualStudioVersion = 10.0.40219.1
Project("{9A19103F-16F7-4668-BE54-9A1E7A4F7556}") = "SmartApp", "SmartApp.csproj", "{47DFB044-2E91-4483-9F3D-0C0A61093435}"
EndProject
Global
	GlobalSection(SolutionConfigurationPlatforms) = preSolution
		Debug|Any CPU = Debug|Any CPU
		Release|Any CPU = Release|Any CPU
	EndGlobalSection
	GlobalSection(ProjectConfigurationPlatforms) = postSolution
		{47DFB044-2E91-4483-9F3D-0C0A61093435}.Debug|Any CPU.ActiveCfg = Debug|Any CPU
		{47DFB044-2E91-4483-9F3D-0C0A61093435}.Debug|Any CPU.Build.0 = Debug|Any CPU
		{47DFB044-2E91-4483-9F3D-0C0A61093435}.Release|Any CPU.ActiveCfg = Release|Any CPU
		{47DFB044-2E91-4483-9F3D-0C0A61093435}.Release|Any CPU.Build.0 = Release|Any CPU
	EndGlobalSection
	GlobalSection(SolutionProperties) = preSolution
		HideSolutionNode = FALSE
	EndGlobalSection
	GlobalSection(ExtensibilityGlobals) = postSolution
		SolutionGuid = {6943D857-15E2-4A24-8D6A-A4E590E92A88}
	EndGlobalSection
EndGlobal
